
Microsoft Visual Studio Solution File, Format Version 12.00
# Visual Studio Version 16
VisualStudioVersion = 16.0.31613.86
MinimumVisualStudioVersion = 10.0.40219.1
Project("{FAE04EC0-301F-11D3-BF4B-00C04F79EFBC}") = "Client", "Client\Client.csproj", "{4458A5EF-F4DC-4012-82F8-B9391F4AB85B}"
EndProject
Project("{FAE04EC0-301F-11D3-BF4B-00C04F79EFBC}") = "Server", "Server\Server.csproj", "{2E048811-0491-4A37-9C3A-76D0CC06AA9B}"
EndProject
Global
	GlobalSection(SolutionConfigurationPlatforms) = preSolution
		Debug|Any CPU = Debug|Any CPU
		Release|Any CPU = Release|Any CPU
	EndGlobalSection
	GlobalSection(ProjectConfigurationPlatforms) = postSolution
		{4458A5EF-F4DC-4012-82F8-B9391F4AB85B}.Debug|Any CPU.ActiveCfg = Debug|Any CPU
		{4458A5EF-F4DC-4012-82F8-B9391F4AB85B}.Debug|Any CPU.Build.0 = Debug|Any CPU
		{4458A5EF-F4DC-4012-82F8-B9391F4AB85B}.Release|Any CPU.ActiveCfg = Release|Any CPU
		{4458A5EF-F4DC-4012-82F8-B9391F4AB85B}.Release|Any CPU.Build.0 = Release|Any CPU
		{2E048811-0491-4A37-9C3A-76D0CC06AA9B}.Debug|Any CPU.ActiveCfg = Debug|Any CPU
		{2E048811-0491-4A37-9C3A-76D0CC06AA9B}.Debug|Any CPU.Build.0 = Debug|Any CPU
		{2E048811-0491-4A37-9C3A-76D0CC06AA9B}.Release|Any CPU.ActiveCfg = Release|Any CPU
		{2E048811-0491-4A37-9C3A-76D0CC06AA9B}.Release|Any CPU.Build.0 = Release|Any CPU
	EndGlobalSection
	GlobalSection(SolutionProperties) = preSolution
		HideSolutionNode = FALSE
	EndGlobalSection
	GlobalSection(ExtensibilityGlobals) = postSolution
		SolutionGuid = {D6B82AF4-EDAE-48FF-814D-2BF2C18D0212}
	EndGlobalSection
EndGlobal
